// !$*UTF8*$!
{
	archiveVersion = 1;
	classes = {
	};
	objectVersion = 46;
	objects = {

/* Begin PBXBuildFile section */
		E7273D19173272A100F82FFE /* UIKit.framework in Frameworks */ = {isa = PBXBuildFile; fileRef = E7273D18173272A100F82FFE /* UIKit.framework */; };
		E7273D1B173272A100F82FFE /* Foundation.framework in Frameworks */ = {isa = PBXBuildFile; fileRef = E7273D1A173272A100F82FFE /* Foundation.framework */; };
		E7273D1D173272A100F82FFE /* CoreGraphics.framework in Frameworks */ = {isa = PBXBuildFile; fileRef = E7273D1C173272A100F82FFE /* CoreGraphics.framework */; };
		E7273D23173272A100F82FFE /* InfoPlist.strings in Resources */ = {isa = PBXBuildFile; fileRef = E7273D21173272A100F82FFE /* InfoPlist.strings */; };
		E7273D25173272A100F82FFE /* main.m in Sources */ = {isa = PBXBuildFile; fileRef = E7273D24173272A100F82FFE /* main.m */; };
		E7273D29173272A100F82FFE /* AZAppDelegate.m in Sources */ = {isa = PBXBuildFile; fileRef = E7273D28173272A100F82FFE /* AZAppDelegate.m */; };
		E7273D2B173272A100F82FFE /* Default.png in Resources */ = {isa = PBXBuildFile; fileRef = E7273D2A173272A100F82FFE /* Default.png */; };
		E7273D2D173272A100F82FFE /* Default@2x.png in Resources */ = {isa = PBXBuildFile; fileRef = E7273D2C173272A100F82FFE /* Default@2x.png */; };
		E7273D2F173272A100F82FFE /* Default-568h@2x.png in Resources */ = {isa = PBXBuildFile; fileRef = E7273D2E173272A100F82FFE /* Default-568h@2x.png */; };
		E7273D39173272C800F82FFE /* AZRootViewController.m in Sources */ = {isa = PBXBuildFile; fileRef = E7273D37173272C800F82FFE /* AZRootViewController.m */; };
		E7273D3A173272C800F82FFE /* AZRootViewController.xib in Resources */ = {isa = PBXBuildFile; fileRef = E7273D38173272C800F82FFE /* AZRootViewController.xib */; };
		E7273D3E173276C800F82FFE /* avatar.png in Resources */ = {isa = PBXBuildFile; fileRef = E7273D3C173276C800F82FFE /* avatar.png */; };
		E7273D3F173276C800F82FFE /* avatar@2x.png in Resources */ = {isa = PBXBuildFile; fileRef = E7273D3D173276C800F82FFE /* avatar@2x.png */; };
		E7273D431732782600F82FFE /* QuartzCore.framework in Frameworks */ = {isa = PBXBuildFile; fileRef = E7273D421732782600F82FFE /* QuartzCore.framework */; };
		E7273D46173278ED00F82FFE /* avatar_selected.png in Resources */ = {isa = PBXBuildFile; fileRef = E7273D44173278ED00F82FFE /* avatar_selected.png */; };
		E7273D47173278ED00F82FFE /* avatar_selected@2x.png in Resources */ = {isa = PBXBuildFile; fileRef = E7273D45173278ED00F82FFE /* avatar_selected@2x.png */; };
		E7273D4C173282BF00F82FFE /* AZDataSource.m in Sources */ = {isa = PBXBuildFile; fileRef = E7273D4B173282BF00F82FFE /* AZDataSource.m */; };
		E7273D521732870800F82FFE /* AZSection.m in Sources */ = {isa = PBXBuildFile; fileRef = E7273D511732870800F82FFE /* AZSection.m */; };
		E7273D551732871400F82FFE /* AZSectionDetail.m in Sources */ = {isa = PBXBuildFile; fileRef = E7273D541732871400F82FFE /* AZSectionDetail.m */; };
		E7273D59173290CC00F82FFE /* AZSectionDetailContentText.m in Sources */ = {isa = PBXBuildFile; fileRef = E7273D58173290CC00F82FFE /* AZSectionDetailContentText.m */; };
		E7273D5C173290EC00F82FFE /* AZSectionDetailContentApps.m in Sources */ = {isa = PBXBuildFile; fileRef = E7273D5B173290EC00F82FFE /* AZSectionDetailContentApps.m */; };
		E7273D5F173290F700F82FFE /* AZSectionDetailContentList.m in Sources */ = {isa = PBXBuildFile; fileRef = E7273D5E173290F700F82FFE /* AZSectionDetailContentList.m */; };
		E7273D611732938D00F82FFE /* sections.json in Resources */ = {isa = PBXBuildFile; fileRef = E7273D601732938D00F82FFE /* sections.json */; };
		E7273D671732962200F82FFE /* AZSectionTableViewCell.xib in Resources */ = {isa = PBXBuildFile; fileRef = E7273D661732962100F82FFE /* AZSectionTableViewCell.xib */; };
		E7273D6A1732970200F82FFE /* AZSectionTableViewCell.m in Sources */ = {isa = PBXBuildFile; fileRef = E7273D691732970200F82FFE /* AZSectionTableViewCell.m */; };
/* End PBXBuildFile section */

/* Begin PBXFileReference section */
		E7273D15173272A100F82FFE /* Alan.app */ = {isa = PBXFileReference; explicitFileType = wrapper.application; includeInIndex = 0; path = Alan.app; sourceTree = BUILT_PRODUCTS_DIR; };
		E7273D18173272A100F82FFE /* UIKit.framework */ = {isa = PBXFileReference; lastKnownFileType = wrapper.framework; name = UIKit.framework; path = System/Library/Frameworks/UIKit.framework; sourceTree = SDKROOT; };
		E7273D1A173272A100F82FFE /* Foundation.framework */ = {isa = PBXFileReference; lastKnownFileType = wrapper.framework; name = Foundation.framework; path = System/Library/Frameworks/Foundation.framework; sourceTree = SDKROOT; };
		E7273D1C173272A100F82FFE /* CoreGraphics.framework */ = {isa = PBXFileReference; lastKnownFileType = wrapper.framework; name = CoreGraphics.framework; path = System/Library/Frameworks/CoreGraphics.framework; sourceTree = SDKROOT; };
		E7273D20173272A100F82FFE /* Alan-Info.plist */ = {isa = PBXFileReference; lastKnownFileType = text.plist.xml; path = "Alan-Info.plist"; sourceTree = "<group>"; };
		E7273D22173272A100F82FFE /* en */ = {isa = PBXFileReference; lastKnownFileType = text.plist.strings; name = en; path = en.lproj/InfoPlist.strings; sourceTree = "<group>"; };
		E7273D24173272A100F82FFE /* main.m */ = {isa = PBXFileReference; lastKnownFileType = sourcecode.c.objc; path = main.m; sourceTree = "<group>"; };
		E7273D26173272A100F82FFE /* Alan-Prefix.pch */ = {isa = PBXFileReference; lastKnownFileType = sourcecode.c.h; path = "Alan-Prefix.pch"; sourceTree = "<group>"; };
		E7273D27173272A100F82FFE /* AZAppDelegate.h */ = {isa = PBXFileReference; lastKnownFileType = sourcecode.c.h; path = AZAppDelegate.h; sourceTree = "<group>"; };
		E7273D28173272A100F82FFE /* AZAppDelegate.m */ = {isa = PBXFileReference; lastKnownFileType = sourcecode.c.objc; path = AZAppDelegate.m; sourceTree = "<group>"; };
		E7273D2A173272A100F82FFE /* Default.png */ = {isa = PBXFileReference; lastKnownFileType = image.png; path = Default.png; sourceTree = "<group>"; };
		E7273D2C173272A100F82FFE /* Default@2x.png */ = {isa = PBXFileReference; lastKnownFileType = image.png; path = "Default@2x.png"; sourceTree = "<group>"; };
		E7273D2E173272A100F82FFE /* Default-568h@2x.png */ = {isa = PBXFileReference; lastKnownFileType = image.png; path = "Default-568h@2x.png"; sourceTree = "<group>"; };
		E7273D36173272C800F82FFE /* AZRootViewController.h */ = {isa = PBXFileReference; fileEncoding = 4; lastKnownFileType = sourcecode.c.h; name = AZRootViewController.h; path = View/AZRootViewController.h; sourceTree = "<group>"; };
		E7273D37173272C800F82FFE /* AZRootViewController.m */ = {isa = PBXFileReference; fileEncoding = 4; lastKnownFileType = sourcecode.c.objc; name = AZRootViewController.m; path = View/AZRootViewController.m; sourceTree = "<group>"; };
		E7273D38173272C800F82FFE /* AZRootViewController.xib */ = {isa = PBXFileReference; fileEncoding = 4; lastKnownFileType = file.xib; name = AZRootViewController.xib; path = View/AZRootViewController.xib; sourceTree = "<group>"; };
		E7273D3C173276C800F82FFE /* avatar.png */ = {isa = PBXFileReference; lastKnownFileType = image.png; name = avatar.png; path = Imagery/avatar.png; sourceTree = "<group>"; };
		E7273D3D173276C800F82FFE /* avatar@2x.png */ = {isa = PBXFileReference; lastKnownFileType = image.png; name = "avatar@2x.png"; path = "Imagery/avatar@2x.png"; sourceTree = "<group>"; };
		E7273D421732782600F82FFE /* QuartzCore.framework */ = {isa = PBXFileReference; lastKnownFileType = wrapper.framework; name = QuartzCore.framework; path = System/Library/Frameworks/QuartzCore.framework; sourceTree = SDKROOT; };
		E7273D44173278ED00F82FFE /* avatar_selected.png */ = {isa = PBXFileReference; lastKnownFileType = image.png; name = avatar_selected.png; path = Imagery/avatar_selected.png; sourceTree = "<group>"; };
		E7273D45173278ED00F82FFE /* avatar_selected@2x.png */ = {isa = PBXFileReference; lastKnownFileType = image.png; name = "avatar_selected@2x.png"; path = "Imagery/avatar_selected@2x.png"; sourceTree = "<group>"; };
		E7273D4A173282BF00F82FFE /* AZDataSource.h */ = {isa = PBXFileReference; fileEncoding = 4; lastKnownFileType = sourcecode.c.h; name = AZDataSource.h; path = Model/AZDataSource.h; sourceTree = "<group>"; };
		E7273D4B173282BF00F82FFE /* AZDataSource.m */ = {isa = PBXFileReference; fileEncoding = 4; lastKnownFileType = sourcecode.c.objc; name = AZDataSource.m; path = Model/AZDataSource.m; sourceTree = "<group>"; };
		E7273D501732870800F82FFE /* AZSection.h */ = {isa = PBXFileReference; fileEncoding = 4; lastKnownFileType = sourcecode.c.h; name = AZSection.h; path = Model/AZSection.h; sourceTree = "<group>"; };
		E7273D511732870800F82FFE /* AZSection.m */ = {isa = PBXFileReference; fileEncoding = 4; lastKnownFileType = sourcecode.c.objc; name = AZSection.m; path = Model/AZSection.m; sourceTree = "<group>"; };
		E7273D531732871400F82FFE /* AZSectionDetail.h */ = {isa = PBXFileReference; fileEncoding = 4; lastKnownFileType = sourcecode.c.h; name = AZSectionDetail.h; path = Model/AZSectionDetail.h; sourceTree = "<group>"; };
		E7273D541732871400F82FFE /* AZSectionDetail.m */ = {isa = PBXFileReference; fileEncoding = 4; lastKnownFileType = sourcecode.c.objc; name = AZSectionDetail.m; path = Model/AZSectionDetail.m; sourceTree = "<group>"; };
		E7273D57173290CC00F82FFE /* AZSectionDetailContentText.h */ = {isa = PBXFileReference; fileEncoding = 4; lastKnownFileType = sourcecode.c.h; name = AZSectionDetailContentText.h; path = "Model/Content Types/AZSectionDetailContentText.h"; sourceTree = "<group>"; };
		E7273D58173290CC00F82FFE /* AZSectionDetailContentText.m */ = {isa = PBXFileReference; fileEncoding = 4; lastKnownFileType = sourcecode.c.objc; name = AZSectionDetailContentText.m; path = "Model/Content Types/AZSectionDetailContentText.m"; sourceTree = "<group>"; };
		E7273D5A173290EC00F82FFE /* AZSectionDetailContentApps.h */ = {isa = PBXFileReference; fileEncoding = 4; lastKnownFileType = sourcecode.c.h; name = AZSectionDetailContentApps.h; path = "Model/Content Types/AZSectionDetailContentApps.h"; sourceTree = "<group>"; };
		E7273D5B173290EC00F82FFE /* AZSectionDetailContentApps.m */ = {isa = PBXFileReference; fileEncoding = 4; lastKnownFileType = sourcecode.c.objc; name = AZSectionDetailContentApps.m; path = "Model/Content Types/AZSectionDetailContentApps.m"; sourceTree = "<group>"; };
		E7273D5D173290F700F82FFE /* AZSectionDetailContentList.h */ = {isa = PBXFileReference; fileEncoding = 4; lastKnownFileType = sourcecode.c.h; name = AZSectionDetailContentList.h; path = "Model/Content Types/AZSectionDetailContentList.h"; sourceTree = "<group>"; };
		E7273D5E173290F700F82FFE /* AZSectionDetailContentList.m */ = {isa = PBXFileReference; fileEncoding = 4; lastKnownFileType = sourcecode.c.objc; name = AZSectionDetailContentList.m; path = "Model/Content Types/AZSectionDetailContentList.m"; sourceTree = "<group>"; };
		E7273D601732938D00F82FFE /* sections.json */ = {isa = PBXFileReference; fileEncoding = 4; lastKnownFileType = text.json; name = sections.json; path = Model/sections.json; sourceTree = "<group>"; };
		E7273D661732962100F82FFE /* AZSectionTableViewCell.xib */ = {isa = PBXFileReference; fileEncoding = 4; lastKnownFileType = file.xib; name = AZSectionTableViewCell.xib; path = View/Cells/AZSectionTableViewCell.xib; sourceTree = "<group>"; };
		E7273D681732970200F82FFE /* AZSectionTableViewCell.h */ = {isa = PBXFileReference; fileEncoding = 4; lastKnownFileType = sourcecode.c.h; name = AZSectionTableViewCell.h; path = View/Cells/AZSectionTableViewCell.h; sourceTree = "<group>"; };
		E7273D691732970200F82FFE /* AZSectionTableViewCell.m */ = {isa = PBXFileReference; fileEncoding = 4; lastKnownFileType = sourcecode.c.objc; name = AZSectionTableViewCell.m; path = View/Cells/AZSectionTableViewCell.m; sourceTree = "<group>"; };
/* End PBXFileReference section */

/* Begin PBXFrameworksBuildPhase section */
		E7273D12173272A100F82FFE /* Frameworks */ = {
			isa = PBXFrameworksBuildPhase;
			buildActionMask = 2147483647;
			files = (
				E7273D431732782600F82FFE /* QuartzCore.framework in Frameworks */,
				E7273D19173272A100F82FFE /* UIKit.framework in Frameworks */,
				E7273D1B173272A100F82FFE /* Foundation.framework in Frameworks */,
				E7273D1D173272A100F82FFE /* CoreGraphics.framework in Frameworks */,
			);
			runOnlyForDeploymentPostprocessing = 0;
		};
/* End PBXFrameworksBuildPhase section */

/* Begin PBXGroup section */
		E7273D0C173272A100F82FFE = {
			isa = PBXGroup;
			children = (
				E7273D1E173272A100F82FFE /* Alan */,
				E7273D17173272A100F82FFE /* Frameworks */,
				E7273D16173272A100F82FFE /* Products */,
			);
			sourceTree = "<group>";
		};
		E7273D16173272A100F82FFE /* Products */ = {
			isa = PBXGroup;
			children = (
				E7273D15173272A100F82FFE /* Alan.app */,
			);
			name = Products;
			sourceTree = "<group>";
		};
		E7273D17173272A100F82FFE /* Frameworks */ = {
			isa = PBXGroup;
			children = (
				E7273D421732782600F82FFE /* QuartzCore.framework */,
				E7273D18173272A100F82FFE /* UIKit.framework */,
				E7273D1A173272A100F82FFE /* Foundation.framework */,
				E7273D1C173272A100F82FFE /* CoreGraphics.framework */,
			);
			name = Frameworks;
			sourceTree = "<group>";
		};
		E7273D1E173272A100F82FFE /* Alan */ = {
			isa = PBXGroup;
			children = (
				E7273D3B173276BA00F82FFE /* Imagery */,
				E7273D491732829100F82FFE /* Model */,
				E7273D35173272B100F82FFE /* View */,
				E7273D27173272A100F82FFE /* AZAppDelegate.h */,
				E7273D28173272A100F82FFE /* AZAppDelegate.m */,
				E7273D1F173272A100F82FFE /* Supporting Files */,
			);
			path = Alan;
			sourceTree = "<group>";
		};
		E7273D1F173272A100F82FFE /* Supporting Files */ = {
			isa = PBXGroup;
			children = (
				E7273D20173272A100F82FFE /* Alan-Info.plist */,
				E7273D21173272A100F82FFE /* InfoPlist.strings */,
				E7273D24173272A100F82FFE /* main.m */,
				E7273D26173272A100F82FFE /* Alan-Prefix.pch */,
				E7273D2A173272A100F82FFE /* Default.png */,
				E7273D2C173272A100F82FFE /* Default@2x.png */,
				E7273D2E173272A100F82FFE /* Default-568h@2x.png */,
			);
			name = "Supporting Files";
			sourceTree = "<group>";
		};
		E7273D35173272B100F82FFE /* View */ = {
			isa = PBXGroup;
			children = (
				E7273D62173295F500F82FFE /* Cells */,
				E7273D36173272C800F82FFE /* AZRootViewController.h */,
				E7273D37173272C800F82FFE /* AZRootViewController.m */,
				E7273D38173272C800F82FFE /* AZRootViewController.xib */,
			);
			name = View;
			sourceTree = "<group>";
		};
		E7273D3B173276BA00F82FFE /* Imagery */ = {
			isa = PBXGroup;
			children = (
				E7273D44173278ED00F82FFE /* avatar_selected.png */,
				E7273D45173278ED00F82FFE /* avatar_selected@2x.png */,
				E7273D3C173276C800F82FFE /* avatar.png */,
				E7273D3D173276C800F82FFE /* avatar@2x.png */,
			);
			name = Imagery;
			sourceTree = "<group>";
		};
		E7273D491732829100F82FFE /* Model */ = {
			isa = PBXGroup;
			children = (
				E7273D601732938D00F82FFE /* sections.json */,
				E7273D561732909000F82FFE /* Content Types */,
				E7273D4A173282BF00F82FFE /* AZDataSource.h */,
				E7273D4B173282BF00F82FFE /* AZDataSource.m */,
				E7273D501732870800F82FFE /* AZSection.h */,
				E7273D511732870800F82FFE /* AZSection.m */,
				E7273D531732871400F82FFE /* AZSectionDetail.h */,
				E7273D541732871400F82FFE /* AZSectionDetail.m */,
			);
			name = Model;
			sourceTree = "<group>";
		};
		E7273D561732909000F82FFE /* Content Types */ = {
			isa = PBXGroup;
			children = (
				E7273D57173290CC00F82FFE /* AZSectionDetailContentText.h */,
				E7273D58173290CC00F82FFE /* AZSectionDetailContentText.m */,
				E7273D5A173290EC00F82FFE /* AZSectionDetailContentApps.h */,
				E7273D5B173290EC00F82FFE /* AZSectionDetailContentApps.m */,
				E7273D5D173290F700F82FFE /* AZSectionDetailContentList.h */,
				E7273D5E173290F700F82FFE /* AZSectionDetailContentList.m */,
			);
			name = "Content Types";
			sourceTree = "<group>";
		};
		E7273D62173295F500F82FFE /* Cells */ = {
			isa = PBXGroup;
			children = (
				E7273D681732970200F82FFE /* AZSectionTableViewCell.h */,
				E7273D691732970200F82FFE /* AZSectionTableViewCell.m */,
				E7273D661732962100F82FFE /* AZSectionTableViewCell.xib */,
			);
			name = Cells;
			sourceTree = "<group>";
		};
/* End PBXGroup section */

/* Begin PBXNativeTarget section */
		E7273D14173272A100F82FFE /* Alan */ = {
			isa = PBXNativeTarget;
			buildConfigurationList = E7273D32173272A100F82FFE /* Build configuration list for PBXNativeTarget "Alan" */;
			buildPhases = (
				E7273D11173272A100F82FFE /* Sources */,
				E7273D12173272A100F82FFE /* Frameworks */,
				E7273D13173272A100F82FFE /* Resources */,
			);
			buildRules = (
			);
			dependencies = (
			);
			name = Alan;
			productName = Alan;
			productReference = E7273D15173272A100F82FFE /* Alan.app */;
			productType = "com.apple.product-type.application";
		};
/* End PBXNativeTarget section */

/* Begin PBXProject section */
		E7273D0D173272A100F82FFE /* Project object */ = {
			isa = PBXProject;
			attributes = {
				CLASSPREFIX = AZ;
				LastUpgradeCheck = 0460;
				ORGANIZATIONNAME = "Alan Zeino";
			};
			buildConfigurationList = E7273D10173272A100F82FFE /* Build configuration list for PBXProject "Alan" */;
			compatibilityVersion = "Xcode 3.2";
			developmentRegion = English;
			hasScannedForEncodings = 0;
			knownRegions = (
				en,
			);
			mainGroup = E7273D0C173272A100F82FFE;
			productRefGroup = E7273D16173272A100F82FFE /* Products */;
			projectDirPath = "";
			projectRoot = "";
			targets = (
				E7273D14173272A100F82FFE /* Alan */,
			);
		};
/* End PBXProject section */

/* Begin PBXResourcesBuildPhase section */
		E7273D13173272A100F82FFE /* Resources */ = {
			isa = PBXResourcesBuildPhase;
			buildActionMask = 2147483647;
			files = (
				E7273D23173272A100F82FFE /* InfoPlist.strings in Resources */,
				E7273D2B173272A100F82FFE /* Default.png in Resources */,
				E7273D2D173272A100F82FFE /* Default@2x.png in Resources */,
				E7273D2F173272A100F82FFE /* Default-568h@2x.png in Resources */,
				E7273D3A173272C800F82FFE /* AZRootViewController.xib in Resources */,
				E7273D3E173276C800F82FFE /* avatar.png in Resources */,
				E7273D3F173276C800F82FFE /* avatar@2x.png in Resources */,
				E7273D46173278ED00F82FFE /* avatar_selected.png in Resources */,
				E7273D47173278ED00F82FFE /* avatar_selected@2x.png in Resources */,
				E7273D611732938D00F82FFE /* sections.json in Resources */,
				E7273D671732962200F82FFE /* AZSectionTableViewCell.xib in Resources */,
			);
			runOnlyForDeploymentPostprocessing = 0;
		};
/* End PBXResourcesBuildPhase section */

/* Begin PBXSourcesBuildPhase section */
		E7273D11173272A100F82FFE /* Sources */ = {
			isa = PBXSourcesBuildPhase;
			buildActionMask = 2147483647;
			files = (
				E7273D25173272A100F82FFE /* main.m in Sources */,
				E7273D29173272A100F82FFE /* AZAppDelegate.m in Sources */,
				E7273D39173272C800F82FFE /* AZRootViewController.m in Sources */,
				E7273D4C173282BF00F82FFE /* AZDataSource.m in Sources */,
				E7273D521732870800F82FFE /* AZSection.m in Sources */,
				E7273D551732871400F82FFE /* AZSectionDetail.m in Sources */,
				E7273D59173290CC00F82FFE /* AZSectionDetailContentText.m in Sources */,
				E7273D5C173290EC00F82FFE /* AZSectionDetailContentApps.m in Sources */,
				E7273D5F173290F700F82FFE /* AZSectionDetailContentList.m in Sources */,
				E7273D6A1732970200F82FFE /* AZSectionTableViewCell.m in Sources */,
			);
			runOnlyForDeploymentPostprocessing = 0;
		};
/* End PBXSourcesBuildPhase section */

/* Begin PBXVariantGroup section */
		E7273D21173272A100F82FFE /* InfoPlist.strings */ = {
			isa = PBXVariantGroup;
			children = (
				E7273D22173272A100F82FFE /* en */,
			);
			name = InfoPlist.strings;
			sourceTree = "<group>";
		};
/* End PBXVariantGroup section */

/* Begin XCBuildConfiguration section */
		E7273D30173272A100F82FFE /* Debug */ = {
			isa = XCBuildConfiguration;
			buildSettings = {
				ALWAYS_SEARCH_USER_PATHS = NO;
				CLANG_CXX_LANGUAGE_STANDARD = "gnu++0x";
				CLANG_CXX_LIBRARY = "libc++";
				CLANG_ENABLE_OBJC_ARC = YES;
				CLANG_WARN_CONSTANT_CONVERSION = YES;
				CLANG_WARN_EMPTY_BODY = YES;
				CLANG_WARN_ENUM_CONVERSION = YES;
				CLANG_WARN_INT_CONVERSION = YES;
				CLANG_WARN__DUPLICATE_METHOD_MATCH = YES;
				"CODE_SIGN_IDENTITY[sdk=iphoneos*]" = "iPhone Developer";
				COPY_PHASE_STRIP = NO;
				GCC_C_LANGUAGE_STANDARD = gnu99;
				GCC_DYNAMIC_NO_PIC = NO;
				GCC_OPTIMIZATION_LEVEL = 0;
				GCC_PREPROCESSOR_DEFINITIONS = (
					"DEBUG=1",
					"$(inherited)",
				);
				GCC_SYMBOLS_PRIVATE_EXTERN = NO;
				GCC_WARN_ABOUT_RETURN_TYPE = YES;
				GCC_WARN_UNINITIALIZED_AUTOS = YES;
				GCC_WARN_UNUSED_VARIABLE = YES;
				IPHONEOS_DEPLOYMENT_TARGET = 6.1;
				ONLY_ACTIVE_ARCH = YES;
				SDKROOT = iphoneos;
			};
			name = Debug;
		};
		E7273D31173272A100F82FFE /* Release */ = {
			isa = XCBuildConfiguration;
			buildSettings = {
				ALWAYS_SEARCH_USER_PATHS = NO;
				CLANG_CXX_LANGUAGE_STANDARD = "gnu++0x";
				CLANG_CXX_LIBRARY = "libc++";
				CLANG_ENABLE_OBJC_ARC = YES;
				CLANG_WARN_CONSTANT_CONVERSION = YES;
				CLANG_WARN_EMPTY_BODY = YES;
				CLANG_WARN_ENUM_CONVERSION = YES;
				CLANG_WARN_INT_CONVERSION = YES;
				CLANG_WARN__DUPLICATE_METHOD_MATCH = YES;
				"CODE_SIGN_IDENTITY[sdk=iphoneos*]" = "iPhone Developer";
				COPY_PHASE_STRIP = YES;
				GCC_C_LANGUAGE_STANDARD = gnu99;
				GCC_WARN_ABOUT_RETURN_TYPE = YES;
				GCC_WARN_UNINITIALIZED_AUTOS = YES;
				GCC_WARN_UNUSED_VARIABLE = YES;
				IPHONEOS_DEPLOYMENT_TARGET = 6.1;
				OTHER_CFLAGS = "-DNS_BLOCK_ASSERTIONS=1";
				SDKROOT = iphoneos;
				VALIDATE_PRODUCT = YES;
			};
			name = Release;
		};
		E7273D33173272A100F82FFE /* Debug */ = {
			isa = XCBuildConfiguration;
			buildSettings = {
				GCC_PRECOMPILE_PREFIX_HEADER = YES;
				GCC_PREFIX_HEADER = "Alan/Alan-Prefix.pch";
				INFOPLIST_FILE = "Alan/Alan-Info.plist";
				PRODUCT_NAME = "$(TARGET_NAME)";
				WRAPPER_EXTENSION = app;
			};
			name = Debug;
		};
		E7273D34173272A100F82FFE /* Release */ = {
			isa = XCBuildConfiguration;
			buildSettings = {
				GCC_PRECOMPILE_PREFIX_HEADER = YES;
				GCC_PREFIX_HEADER = "Alan/Alan-Prefix.pch";
				INFOPLIST_FILE = "Alan/Alan-Info.plist";
				PRODUCT_NAME = "$(TARGET_NAME)";
				WRAPPER_EXTENSION = app;
			};
			name = Release;
		};
/* End XCBuildConfiguration section */

/* Begin XCConfigurationList section */
		E7273D10173272A100F82FFE /* Build configuration list for PBXProject "Alan" */ = {
			isa = XCConfigurationList;
			buildConfigurations = (
				E7273D30173272A100F82FFE /* Debug */,
				E7273D31173272A100F82FFE /* Release */,
			);
			defaultConfigurationIsVisible = 0;
			defaultConfigurationName = Release;
		};
		E7273D32173272A100F82FFE /* Build configuration list for PBXNativeTarget "Alan" */ = {
			isa = XCConfigurationList;
			buildConfigurations = (
				E7273D33173272A100F82FFE /* Debug */,
				E7273D34173272A100F82FFE /* Release */,
			);
			defaultConfigurationIsVisible = 0;
		};
/* End XCConfigurationList section */
	};
	rootObject = E7273D0D173272A100F82FFE /* Project object */;
}
